# This file is automatically @generated by Cargo.
# It is not intended for manual editing.
version = 4

[[package]]
name = "musubu_ast"
version = "0.1.0"
dependencies = [
 "musubu_primitive",
 "musubu_span",
]

[[package]]
name = "musubu_primitive"
version = "0.1.0"

[[package]]
name = "musubu_span"
version = "0.1.0"
